// !$*UTF8*$!
{
	archiveVersion = 1;
	classes = {
	};
	objectVersion = 46;
	objects = {

/* Begin PBXBuildFile section */
		04755EEF1C845D11008A2C45 /* main.m in Sources */ = {isa = PBXBuildFile; fileRef = 04755EEE1C845D11008A2C45 /* main.m */; };
		04755EF71C845D37008A2C45 /* SAstring.c in Sources */ = {isa = PBXBuildFile; fileRef = 04755EF51C845D37008A2C45 /* SAstring.c */; };
		04755EFA1C846819008A2C45 /* node.c in Sources */ = {isa = PBXBuildFile; fileRef = 04755EF81C846819008A2C45 /* node.c */; };
		04C964751C85374600680743 /* noiseWord.c in Sources */ = {isa = PBXBuildFile; fileRef = 04C964731C85374600680743 /* noiseWord.c */; };
		04C9649B1C857D3600680743 /* stack.c in Sources */ = {isa = PBXBuildFile; fileRef = 04C964991C857D3600680743 /* stack.c */; };
/* End PBXBuildFile section */

/* Begin PBXCopyFilesBuildPhase section */
		04755EE91C845D11008A2C45 /* CopyFiles */ = {
			isa = PBXCopyFilesBuildPhase;
			buildActionMask = 2147483647;
			dstPath = /usr/share/man/man1/;
			dstSubfolderSpec = 0;
			files = (
			);
			runOnlyForDeploymentPostprocessing = 1;
		};
/* End PBXCopyFilesBuildPhase section */

/* Begin PBXFileReference section */
		04755EEB1C845D11008A2C45 /* exercise6-3 */ = {isa = PBXFileReference; explicitFileType = "compiled.mach-o.executable"; includeInIndex = 0; path = "exercise6-3"; sourceTree = BUILT_PRODUCTS_DIR; };
		04755EEE1C845D11008A2C45 /* main.m */ = {isa = PBXFileReference; lastKnownFileType = sourcecode.c.objc; path = main.m; sourceTree = "<group>"; };
		04755EF51C845D37008A2C45 /* SAstring.c */ = {isa = PBXFileReference; fileEncoding = 4; lastKnownFileType = sourcecode.c.c; path = SAstring.c; sourceTree = "<group>"; };
		04755EF61C845D37008A2C45 /* SAstring.h */ = {isa = PBXFileReference; fileEncoding = 4; lastKnownFileType = sourcecode.c.h; path = SAstring.h; sourceTree = "<group>"; };
		04755EF81C846819008A2C45 /* node.c */ = {isa = PBXFileReference; fileEncoding = 4; lastKnownFileType = sourcecode.c.c; path = node.c; sourceTree = "<group>"; };
		04755EF91C846819008A2C45 /* node.h */ = {isa = PBXFileReference; fileEncoding = 4; lastKnownFileType = sourcecode.c.h; path = node.h; sourceTree = "<group>"; };
		04C964731C85374600680743 /* noiseWord.c */ = {isa = PBXFileReference; fileEncoding = 4; lastKnownFileType = sourcecode.c.c; path = noiseWord.c; sourceTree = "<group>"; };
		04C964741C85374600680743 /* noiseWord.h */ = {isa = PBXFileReference; fileEncoding = 4; lastKnownFileType = sourcecode.c.h; path = noiseWord.h; sourceTree = "<group>"; };
		04C964991C857D3600680743 /* stack.c */ = {isa = PBXFileReference; fileEncoding = 4; lastKnownFileType = sourcecode.c.c; path = stack.c; sourceTree = "<group>"; };
		04C9649A1C857D3600680743 /* stack.h */ = {isa = PBXFileReference; fileEncoding = 4; lastKnownFileType = sourcecode.c.h; path = stack.h; sourceTree = "<group>"; };
/* End PBXFileReference section */

/* Begin PBXFrameworksBuildPhase section */
		04755EE81C845D11008A2C45 /* Frameworks */ = {
			isa = PBXFrameworksBuildPhase;
			buildActionMask = 2147483647;
			files = (
			);
			runOnlyForDeploymentPostprocessing = 0;
		};
/* End PBXFrameworksBuildPhase section */

/* Begin PBXGroup section */
		04755EE21C845D11008A2C45 = {
			isa = PBXGroup;
			children = (
				04755EED1C845D11008A2C45 /* exercise6-3 */,
				04755EEC1C845D11008A2C45 /* Products */,
			);
			sourceTree = "<group>";
		};
		04755EEC1C845D11008A2C45 /* Products */ = {
			isa = PBXGroup;
			children = (
				04755EEB1C845D11008A2C45 /* exercise6-3 */,
			);
			name = Products;
			sourceTree = "<group>";
		};
		04755EED1C845D11008A2C45 /* exercise6-3 */ = {
			isa = PBXGroup;
			children = (
				04755EEE1C845D11008A2C45 /* main.m */,
				04755EF51C845D37008A2C45 /* SAstring.c */,
				04755EF61C845D37008A2C45 /* SAstring.h */,
				04755EF81C846819008A2C45 /* node.c */,
				04755EF91C846819008A2C45 /* node.h */,
				04C964731C85374600680743 /* noiseWord.c */,
				04C964741C85374600680743 /* noiseWord.h */,
				04C964991C857D3600680743 /* stack.c */,
				04C9649A1C857D3600680743 /* stack.h */,
			);
			path = "exercise6-3";
			sourceTree = "<group>";
		};
/* End PBXGroup section */

/* Begin PBXNativeTarget section */
		04755EEA1C845D11008A2C45 /* exercise6-3 */ = {
			isa = PBXNativeTarget;
			buildConfigurationList = 04755EF21C845D11008A2C45 /* Build configuration list for PBXNativeTarget "exercise6-3" */;
			buildPhases = (
				04755EE71C845D11008A2C45 /* Sources */,
				04755EE81C845D11008A2C45 /* Frameworks */,
				04755EE91C845D11008A2C45 /* CopyFiles */,
			);
			buildRules = (
			);
			dependencies = (
			);
			name = "exercise6-3";
			productName = "exercise6-3";
			productReference = 04755EEB1C845D11008A2C45 /* exercise6-3 */;
			productType = "com.apple.product-type.tool";
		};
/* End PBXNativeTarget section */

/* Begin PBXProject section */
		04755EE31C845D11008A2C45 /* Project object */ = {
			isa = PBXProject;
			attributes = {
				LastUpgradeCheck = 0720;
				ORGANIZATIONNAME = yunda;
				TargetAttributes = {
					04755EEA1C845D11008A2C45 = {
						CreatedOnToolsVersion = 7.2;
					};
				};
			};
			buildConfigurationList = 04755EE61C845D11008A2C45 /* Build configuration list for PBXProject "exercise6-3" */;
			compatibilityVersion = "Xcode 3.2";
			developmentRegion = English;
			hasScannedForEncodings = 0;
			knownRegions = (
				en,
			);
			mainGroup = 04755EE21C845D11008A2C45;
			productRefGroup = 04755EEC1C845D11008A2C45 /* Products */;
			projectDirPath = "";
			projectRoot = "";
			targets = (
				04755EEA1C845D11008A2C45 /* exercise6-3 */,
			);
		};
/* End PBXProject section */

/* Begin PBXSourcesBuildPhase section */
		04755EE71C845D11008A2C45 /* Sources */ = {
			isa = PBXSourcesBuildPhase;
			buildActionMask = 2147483647;
			files = (
				04C9649B1C857D3600680743 /* stack.c in Sources */,
				04755EF71C845D37008A2C45 /* SAstring.c in Sources */,
				04755EEF1C845D11008A2C45 /* main.m in Sources */,
				04C964751C85374600680743 /* noiseWord.c in Sources */,
				04755EFA1C846819008A2C45 /* node.c in Sources */,
			);
			runOnlyForDeploymentPostprocessing = 0;
		};
/* End PBXSourcesBuildPhase section */

/* Begin XCBuildConfiguration section */
		04755EF01C845D11008A2C45 /* Debug */ = {
			isa = XCBuildConfiguration;
			buildSettings = {
				ALWAYS_SEARCH_USER_PATHS = NO;
				CLANG_CXX_LANGUAGE_STANDARD = "gnu++0x";
				CLANG_CXX_LIBRARY = "libc++";
				CLANG_ENABLE_MODULES = YES;
				CLANG_ENABLE_OBJC_ARC = YES;
				CLANG_WARN_BOOL_CONVERSION = YES;
				CLANG_WARN_CONSTANT_CONVERSION = YES;
				CLANG_WARN_DIRECT_OBJC_ISA_USAGE = YES_ERROR;
				CLANG_WARN_EMPTY_BODY = YES;
				CLANG_WARN_ENUM_CONVERSION = YES;
				CLANG_WARN_INT_CONVERSION = YES;
				CLANG_WARN_OBJC_ROOT_CLASS = YES_ERROR;
				CLANG_WARN_UNREACHABLE_CODE = YES;
				CLANG_WARN__DUPLICATE_METHOD_MATCH = YES;
				CODE_SIGN_IDENTITY = "-";
				COPY_PHASE_STRIP = NO;
				DEBUG_INFORMATION_FORMAT = dwarf;
				ENABLE_STRICT_OBJC_MSGSEND = YES;
				ENABLE_TESTABILITY = YES;
				GCC_C_LANGUAGE_STANDARD = gnu99;
				GCC_DYNAMIC_NO_PIC = NO;
				GCC_NO_COMMON_BLOCKS = YES;
				GCC_OPTIMIZATION_LEVEL = 0;
				GCC_PREPROCESSOR_DEFINITIONS = (
					"DEBUG=1",
					"$(inherited)",
				);
				GCC_WARN_64_TO_32_BIT_CONVERSION = YES;
				GCC_WARN_ABOUT_RETURN_TYPE = YES_ERROR;
				GCC_WARN_UNDECLARED_SELECTOR = YES;
				GCC_WARN_UNINITIALIZED_AUTOS = YES_AGGRESSIVE;
				GCC_WARN_UNUSED_FUNCTION = YES;
				GCC_WARN_UNUSED_VARIABLE = YES;
				MACOSX_DEPLOYMENT_TARGET = 10.10;
				MTL_ENABLE_DEBUG_INFO = YES;
				ONLY_ACTIVE_ARCH = YES;
				SDKROOT = macosx;
			};
			name = Debug;
		};
		04755EF11C845D11008A2C45 /* Release */ = {
			isa = XCBuildConfiguration;
			buildSettings = {
				ALWAYS_SEARCH_USER_PATHS = NO;
				CLANG_CXX_LANGUAGE_STANDARD = "gnu++0x";
				CLANG_CXX_LIBRARY = "libc++";
				CLANG_ENABLE_MODULES = YES;
				CLANG_ENABLE_OBJC_ARC = YES;
				CLANG_WARN_BOOL_CONVERSION = YES;
				CLANG_WARN_CONSTANT_CONVERSION = YES;
				CLANG_WARN_DIRECT_OBJC_ISA_USAGE = YES_ERROR;
				CLANG_WARN_EMPTY_BODY = YES;
				CLANG_WARN_ENUM_CONVERSION = YES;
				CLANG_WARN_INT_CONVERSION = YES;
				CLANG_WARN_OBJC_ROOT_CLASS = YES_ERROR;
				CLANG_WARN_UNREACHABLE_CODE = YES;
				CLANG_WARN__DUPLICATE_METHOD_MATCH = YES;
				CODE_SIGN_IDENTITY = "-";
				COPY_PHASE_STRIP = NO;
				DEBUG_INFORMATION_FORMAT = "dwarf-with-dsym";
				ENABLE_NS_ASSERTIONS = NO;
				ENABLE_STRICT_OBJC_MSGSEND = YES;
				GCC_C_LANGUAGE_STANDARD = gnu99;
				GCC_NO_COMMON_BLOCKS = YES;
				GCC_WARN_64_TO_32_BIT_CONVERSION = YES;
				GCC_WARN_ABOUT_RETURN_TYPE = YES_ERROR;
				GCC_WARN_UNDECLARED_SELECTOR = YES;
				GCC_WARN_UNINITIALIZED_AUTOS = YES_AGGRESSIVE;
				GCC_WARN_UNUSED_FUNCTION = YES;
				GCC_WARN_UNUSED_VARIABLE = YES;
				MACOSX_DEPLOYMENT_TARGET = 10.10;
				MTL_ENABLE_DEBUG_INFO = NO;
				SDKROOT = macosx;
			};
			name = Release;
		};
		04755EF31C845D11008A2C45 /* Debug */ = {
			isa = XCBuildConfiguration;
			buildSettings = {
				PRODUCT_NAME = "$(TARGET_NAME)";
			};
			name = Debug;
		};
		04755EF41C845D11008A2C45 /* Release */ = {
			isa = XCBuildConfiguration;
			buildSettings = {
				PRODUCT_NAME = "$(TARGET_NAME)";
			};
			name = Release;
		};
/* End XCBuildConfiguration section */

/* Begin XCConfigurationList section */
		04755EE61C845D11008A2C45 /* Build configuration list for PBXProject "exercise6-3" */ = {
			isa = XCConfigurationList;
			buildConfigurations = (
				04755EF01C845D11008A2C45 /* Debug */,
				04755EF11C845D11008A2C45 /* Release */,
			);
			defaultConfigurationIsVisible = 0;
			defaultConfigurationName = Release;
		};
		04755EF21C845D11008A2C45 /* Build configuration list for PBXNativeTarget "exercise6-3" */ = {
			isa = XCConfigurationList;
			buildConfigurations = (
				04755EF31C845D11008A2C45 /* Debug */,
				04755EF41C845D11008A2C45 /* Release */,
			);
			defaultConfigurationIsVisible = 0;
			defaultConfigurationName = Release;
		};
/* End XCConfigurationList section */
	};
	rootObject = 04755EE31C845D11008A2C45 /* Project object */;
}
